
Microsoft Visual Studio Solution File, Format Version 12.00
# Visual Studio Version 16
VisualStudioVersion = 16.0.30002.166
MinimumVisualStudioVersion = 10.0.40219.1
Project("{FAE04EC0-301F-11D3-BF4B-00C04F79EFBC}") = "Seminar1", "Seminar1\Seminar1.csproj", "{54E7DC48-399F-4B01-A476-AE0CF710B0FC}"
EndProject
Global
	GlobalSection(SolutionConfigurationPlatforms) = preSolution
		Debug|Any CPU = Debug|Any CPU
		Release|Any CPU = Release|Any CPU
	EndGlobalSection
	GlobalSection(ProjectConfigurationPlatforms) = postSolution
		{54E7DC48-399F-4B01-A476-AE0CF710B0FC}.Debug|Any CPU.ActiveCfg = Debug|Any CPU
		{54E7DC48-399F-4B01-A476-AE0CF710B0FC}.Debug|Any CPU.Build.0 = Debug|Any CPU
		{54E7DC48-399F-4B01-A476-AE0CF710B0FC}.Release|Any CPU.ActiveCfg = Release|Any CPU
		{54E7DC48-399F-4B01-A476-AE0CF710B0FC}.Release|Any CPU.Build.0 = Release|Any CPU
	EndGlobalSection
	GlobalSection(SolutionProperties) = preSolution
		HideSolutionNode = FALSE
	EndGlobalSection
	GlobalSection(ExtensibilityGlobals) = postSolution
		SolutionGuid = {88C44481-E8B6-4AC5-B977-951B7FE0186B}
	EndGlobalSection
EndGlobal
