
Microsoft Visual Studio Solution File, Format Version 12.00
# Visual Studio Version 16
VisualStudioVersion = 16.0.30002.166
MinimumVisualStudioVersion = 10.0.40219.1
Project("{FAE04EC0-301F-11D3-BF4B-00C04F79EFBC}") = "Seminar1Test", "Seminar1Test\Seminar1Test.csproj", "{C27C054A-4048-4E25-AF55-87C64D287BE5}"
EndProject
Global
	GlobalSection(SolutionConfigurationPlatforms) = preSolution
		Debug|Any CPU = Debug|Any CPU
		Release|Any CPU = Release|Any CPU
	EndGlobalSection
	GlobalSection(ProjectConfigurationPlatforms) = postSolution
		{C27C054A-4048-4E25-AF55-87C64D287BE5}.Debug|Any CPU.ActiveCfg = Debug|Any CPU
		{C27C054A-4048-4E25-AF55-87C64D287BE5}.Debug|Any CPU.Build.0 = Debug|Any CPU
		{C27C054A-4048-4E25-AF55-87C64D287BE5}.Release|Any CPU.ActiveCfg = Release|Any CPU
		{C27C054A-4048-4E25-AF55-87C64D287BE5}.Release|Any CPU.Build.0 = Release|Any CPU
	EndGlobalSection
	GlobalSection(SolutionProperties) = preSolution
		HideSolutionNode = FALSE
	EndGlobalSection
	GlobalSection(ExtensibilityGlobals) = postSolution
		SolutionGuid = {55FE6B46-134A-4989-A334-DC2CD6E49E49}
	EndGlobalSection
EndGlobal
